
Microsoft Visual Studio Solution File, Format Version 12.00
# Visual Studio 15
VisualStudioVersion = 15.0.28307.1321
MinimumVisualStudioVersion = 10.0.40219.1
Project("{FAE04EC0-301F-11D3-BF4B-00C04F79EFBC}") = "Quantum", "Quantum.csproj", "{20FACFAA-F262-4201-9054-0B2F4BDB0100}"
EndProject
Project("{FAE04EC0-301F-11D3-BF4B-00C04F79EFBC}") = "Utility", "..\Utility\Utility\Utility.csproj", "{7182769D-817E-456B-A240-B09E4EB81169}"
EndProject
Project("{FAE04EC0-301F-11D3-BF4B-00C04F79EFBC}") = "Connection", "..\DatabaseConnectionTool\CreateDatabaseConnection\Connection.csproj", "{2C22B7ED-C4DF-4648-8D7D-A29A562E1136}"
EndProject
Project("{FAE04EC0-301F-11D3-BF4B-00C04F79EFBC}") = "AccordWrapper", "AccordWrapper\AccordWrapper.csproj", "{663A33BD-D609-422F-B6FD-AFADD29DC255}"
EndProject
Project("{FAE04EC0-301F-11D3-BF4B-00C04F79EFBC}") = "TestHarness", "TestHarness\TestHarness.csproj", "{6F5B7613-D6C7-4F0F-9FBD-C6FA5B3FD1C9}"
EndProject
Project("{FAE04EC0-301F-11D3-BF4B-00C04F79EFBC}") = "SqliteTester", "SqliteTester\SqliteTester.csproj", "{2CA8A561-A3A4-441F-B16E-2CC181096E4C}"
EndProject
Project("{2150E333-8FDC-42A3-9474-1A3956D46DE8}") = "Solution Items", "Solution Items", "{F6365BBC-7F34-4BB7-8A4D-FB73587560DA}"
	ProjectSection(SolutionItems) = preProject
		..\..\..\..\..\sqlite\db\ghk.db = ..\..\..\..\..\sqlite\db\ghk.db
	EndProjectSection
EndProject
Global
	GlobalSection(SolutionConfigurationPlatforms) = preSolution
		Debug|Any CPU = Debug|Any CPU
		Debug|x64 = Debug|x64
		Release|Any CPU = Release|Any CPU
		Release|x64 = Release|x64
	EndGlobalSection
	GlobalSection(ProjectConfigurationPlatforms) = postSolution
		{20FACFAA-F262-4201-9054-0B2F4BDB0100}.Debug|Any CPU.ActiveCfg = Debug|Any CPU
		{20FACFAA-F262-4201-9054-0B2F4BDB0100}.Debug|Any CPU.Build.0 = Debug|Any CPU
		{20FACFAA-F262-4201-9054-0B2F4BDB0100}.Debug|x64.ActiveCfg = Debug|Any CPU
		{20FACFAA-F262-4201-9054-0B2F4BDB0100}.Debug|x64.Build.0 = Debug|Any CPU
		{20FACFAA-F262-4201-9054-0B2F4BDB0100}.Release|Any CPU.ActiveCfg = Release|Any CPU
		{20FACFAA-F262-4201-9054-0B2F4BDB0100}.Release|Any CPU.Build.0 = Release|Any CPU
		{20FACFAA-F262-4201-9054-0B2F4BDB0100}.Release|x64.ActiveCfg = Release|x64
		{20FACFAA-F262-4201-9054-0B2F4BDB0100}.Release|x64.Build.0 = Release|x64
		{7182769D-817E-456B-A240-B09E4EB81169}.Debug|Any CPU.ActiveCfg = Debug|Any CPU
		{7182769D-817E-456B-A240-B09E4EB81169}.Debug|Any CPU.Build.0 = Debug|Any CPU
		{7182769D-817E-456B-A240-B09E4EB81169}.Debug|x64.ActiveCfg = Debug|Any CPU
		{7182769D-817E-456B-A240-B09E4EB81169}.Debug|x64.Build.0 = Debug|Any CPU
		{7182769D-817E-456B-A240-B09E4EB81169}.Release|Any CPU.ActiveCfg = Release|Any CPU
		{7182769D-817E-456B-A240-B09E4EB81169}.Release|Any CPU.Build.0 = Release|Any CPU
		{7182769D-817E-456B-A240-B09E4EB81169}.Release|x64.ActiveCfg = Release|Any CPU
		{7182769D-817E-456B-A240-B09E4EB81169}.Release|x64.Build.0 = Release|Any CPU
		{2C22B7ED-C4DF-4648-8D7D-A29A562E1136}.Debug|Any CPU.ActiveCfg = Debug|Any CPU
		{2C22B7ED-C4DF-4648-8D7D-A29A562E1136}.Debug|Any CPU.Build.0 = Debug|Any CPU
		{2C22B7ED-C4DF-4648-8D7D-A29A562E1136}.Debug|x64.ActiveCfg = Debug|Any CPU
		{2C22B7ED-C4DF-4648-8D7D-A29A562E1136}.Debug|x64.Build.0 = Debug|Any CPU
		{2C22B7ED-C4DF-4648-8D7D-A29A562E1136}.Release|Any CPU.ActiveCfg = Release|Any CPU
		{2C22B7ED-C4DF-4648-8D7D-A29A562E1136}.Release|Any CPU.Build.0 = Release|Any CPU
		{2C22B7ED-C4DF-4648-8D7D-A29A562E1136}.Release|x64.ActiveCfg = Release|Any CPU
		{2C22B7ED-C4DF-4648-8D7D-A29A562E1136}.Release|x64.Build.0 = Release|Any CPU
		{663A33BD-D609-422F-B6FD-AFADD29DC255}.Debug|Any CPU.ActiveCfg = Debug|Any CPU
		{663A33BD-D609-422F-B6FD-AFADD29DC255}.Debug|Any CPU.Build.0 = Debug|Any CPU
		{663A33BD-D609-422F-B6FD-AFADD29DC255}.Debug|x64.ActiveCfg = Debug|Any CPU
		{663A33BD-D609-422F-B6FD-AFADD29DC255}.Debug|x64.Build.0 = Debug|Any CPU
		{663A33BD-D609-422F-B6FD-AFADD29DC255}.Release|Any CPU.ActiveCfg = Release|Any CPU
		{663A33BD-D609-422F-B6FD-AFADD29DC255}.Release|Any CPU.Build.0 = Release|Any CPU
		{663A33BD-D609-422F-B6FD-AFADD29DC255}.Release|x64.ActiveCfg = Release|Any CPU
		{663A33BD-D609-422F-B6FD-AFADD29DC255}.Release|x64.Build.0 = Release|Any CPU
		{6F5B7613-D6C7-4F0F-9FBD-C6FA5B3FD1C9}.Debug|Any CPU.ActiveCfg = Debug|Any CPU
		{6F5B7613-D6C7-4F0F-9FBD-C6FA5B3FD1C9}.Debug|Any CPU.Build.0 = Debug|Any CPU
		{6F5B7613-D6C7-4F0F-9FBD-C6FA5B3FD1C9}.Debug|x64.ActiveCfg = Debug|Any CPU
		{6F5B7613-D6C7-4F0F-9FBD-C6FA5B3FD1C9}.Debug|x64.Build.0 = Debug|Any CPU
		{6F5B7613-D6C7-4F0F-9FBD-C6FA5B3FD1C9}.Release|Any CPU.ActiveCfg = Release|Any CPU
		{6F5B7613-D6C7-4F0F-9FBD-C6FA5B3FD1C9}.Release|Any CPU.Build.0 = Release|Any CPU
		{6F5B7613-D6C7-4F0F-9FBD-C6FA5B3FD1C9}.Release|x64.ActiveCfg = Release|Any CPU
		{6F5B7613-D6C7-4F0F-9FBD-C6FA5B3FD1C9}.Release|x64.Build.0 = Release|Any CPU
		{2CA8A561-A3A4-441F-B16E-2CC181096E4C}.Debug|Any CPU.ActiveCfg = Debug|Any CPU
		{2CA8A561-A3A4-441F-B16E-2CC181096E4C}.Debug|Any CPU.Build.0 = Debug|Any CPU
		{2CA8A561-A3A4-441F-B16E-2CC181096E4C}.Debug|x64.ActiveCfg = Debug|Any CPU
		{2CA8A561-A3A4-441F-B16E-2CC181096E4C}.Debug|x64.Build.0 = Debug|Any CPU
		{2CA8A561-A3A4-441F-B16E-2CC181096E4C}.Release|Any CPU.ActiveCfg = Release|Any CPU
		{2CA8A561-A3A4-441F-B16E-2CC181096E4C}.Release|Any CPU.Build.0 = Release|Any CPU
		{2CA8A561-A3A4-441F-B16E-2CC181096E4C}.Release|x64.ActiveCfg = Release|Any CPU
		{2CA8A561-A3A4-441F-B16E-2CC181096E4C}.Release|x64.Build.0 = Release|Any CPU
	EndGlobalSection
	GlobalSection(SolutionProperties) = preSolution
		HideSolutionNode = FALSE
	EndGlobalSection
	GlobalSection(ExtensibilityGlobals) = postSolution
		SolutionGuid = {5DB2DACD-B4ED-49BB-B515-40853E8C1553}
	EndGlobalSection
EndGlobal
